
Microsoft Visual Studio Solution File, Format Version 12.00
# Visual Studio Version 16
VisualStudioVersion = 16.0.31205.134
MinimumVisualStudioVersion = 10.0.40219.1
Project("{FAE04EC0-301F-11D3-BF4B-00C04F79EFBC}") = "WindowsFormsApp_FFMPEG_Batch", "WindowsFormsApp_FFMPEG_Batch\WindowsFormsApp_FFMPEG_Batch.csproj", "{A7374AD0-2F54-4B69-BD27-90932AA8BB6C}"
EndProject
Global
	GlobalSection(SolutionConfigurationPlatforms) = preSolution
		Debug|Any CPU = Debug|Any CPU
		Release|Any CPU = Release|Any CPU
	EndGlobalSection
	GlobalSection(ProjectConfigurationPlatforms) = postSolution
		{A7374AD0-2F54-4B69-BD27-90932AA8BB6C}.Debug|Any CPU.ActiveCfg = Debug|Any CPU
		{A7374AD0-2F54-4B69-BD27-90932AA8BB6C}.Debug|Any CPU.Build.0 = Debug|Any CPU
		{A7374AD0-2F54-4B69-BD27-90932AA8BB6C}.Release|Any CPU.ActiveCfg = Release|Any CPU
		{A7374AD0-2F54-4B69-BD27-90932AA8BB6C}.Release|Any CPU.Build.0 = Release|Any CPU
	EndGlobalSection
	GlobalSection(SolutionProperties) = preSolution
		HideSolutionNode = FALSE
	EndGlobalSection
	GlobalSection(ExtensibilityGlobals) = postSolution
		SolutionGuid = {5E9F0441-247D-49EC-A1B4-5D2A1D6967A9}
	EndGlobalSection
EndGlobal
